github.com/dhowden/tag v0.0.0-20220618230019-adf36e896086 h1:ORubSQoKnncsBnR4zD9CuYFJCPOCuSNEpWEZrDdBXkc=
github.com/dhowden/tag v0.0.0-20220618230019-adf36e896086/go.mod h1:Z3Lomva4pyMWYezjMAU5QWRh0p1VvO4199OHlFnyKkM=
github.com/edsrzf/mmap-go v1.1.0 h1:6EUwBLQ/Mcr1EYLE4Tn1VdW1A4ckqCQWZBw8Hr0kjpQ=
github.com/edsrzf/mmap-go v1.1.0/go.mod h1:19H/e8pUPLicwkyNgOykDXkJ9F0MHE+Z52B8EIth78Q=
github.com/go-test/deep v1.1.0 h1:WOcxcdHcvdgThNXjw0t76K42FXTU7HpNQWHpA2HHNlg=
github.com/go-test/deep v1.1.0/go.mod h1:5C2ZWiW0ErCdrYzpqxLbTX7MG14M9iiw8DgHncVwcsE=
github.com/themooer1/audiobook-library v0.0.0-20230102050128-24f2f04a218d h1:qC9zWQBJrQ/xjSUmoPGg/7Etx5qb6XsjB5gNuBh7k1U=
github.com/themooer1/audiobook-library v0.0.0-20230102050128-24f2f04a218d/go.mod h1:cSPhtIOtaCPl6iuiovjVaMx6AhUIvEQGEnPX2Fjgdo0=
github.com/themooer1/gort v0.0.0-20230102041633-3ec5186943d3 h1:xihbmN6CTMDsEpKnQ7nHC8qyL2sio0i0dH3Ts0tPBeA=
github.com/themooer1/gort v0.0.0-20230102041633-3ec5186943d3/go.mod h1:ILKdZcMP1D6y54EJU6+ssdwH0hEFbKpUsJbRHIYgDXs=
golang.org/x/sys v0.0.0-20211216021012-1d35b9e2eb4e h1:fLOSk5Q00efkSvAm+4xcoXD+RRmLmmulPn5I3Y9F2EM=
golang.org/x/sys v0.0.0-20211216021012-1d35b9e2eb4e/go.mod h1:oPkhp1MJrh7nUepCBck5+mAzfO9JrbApNNgaTdGDITg=
